
Microsoft Visual Studio Solution File, Format Version 12.00
# Visual Studio Version 17
VisualStudioVersion = 17.9.34902.65
MinimumVisualStudioVersion = 10.0.40219.1
Project("{2150E333-8FDC-42A3-9474-1A3956D46DE8}") = "Api", "Api", "{2F7B28F0-19C3-4D2E-BE64-6FF4559C6B97}"
EndProject
Project("{2150E333-8FDC-42A3-9474-1A3956D46DE8}") = "Tests", "Tests", "{200F883F-BA45-47DF-8917-9583BD29CC7B}"
EndProject
Project("{9A19103F-16F7-4668-BE54-9A1E7A4F7556}") = "ECom", "ECom\ECom.csproj", "{64CE975E-8644-4904-8462-A30A6B4F75D6}"
EndProject
Project("{9A19103F-16F7-4668-BE54-9A1E7A4F7556}") = "ECom.Application", "ECom.Application\ECom.Application.csproj", "{F0D774C6-630F-44C7-A9D5-7DB186ED06DD}"
EndProject
Project("{9A19103F-16F7-4668-BE54-9A1E7A4F7556}") = "ECom.Domain", "ECom.Domain\ECom.Domain.csproj", "{2D668CE3-511B-43B4-8442-4815B2BDB092}"
EndProject
Project("{9A19103F-16F7-4668-BE54-9A1E7A4F7556}") = "ECom.Infrastructure", "ECom.Infrastructure\ECom.Infrastructure.csproj", "{8494DD09-0319-4A6E-B58D-400BFF4CA2A0}"
EndProject
Project("{9A19103F-16F7-4668-BE54-9A1E7A4F7556}") = "ECom.Test.Unit", "ECom.Test.Unit\ECom.Test.Unit.csproj", "{D86A21B3-5BC8-4635-859E-1FCBEF246D56}"
EndProject
Global
	GlobalSection(SolutionConfigurationPlatforms) = preSolution
		Debug|Any CPU = Debug|Any CPU
		Release|Any CPU = Release|Any CPU
	EndGlobalSection
	GlobalSection(ProjectConfigurationPlatforms) = postSolution
		{64CE975E-8644-4904-8462-A30A6B4F75D6}.Debug|Any CPU.ActiveCfg = Debug|Any CPU
		{64CE975E-8644-4904-8462-A30A6B4F75D6}.Debug|Any CPU.Build.0 = Debug|Any CPU
		{64CE975E-8644-4904-8462-A30A6B4F75D6}.Release|Any CPU.ActiveCfg = Release|Any CPU
		{64CE975E-8644-4904-8462-A30A6B4F75D6}.Release|Any CPU.Build.0 = Release|Any CPU
		{F0D774C6-630F-44C7-A9D5-7DB186ED06DD}.Debug|Any CPU.ActiveCfg = Debug|Any CPU
		{F0D774C6-630F-44C7-A9D5-7DB186ED06DD}.Debug|Any CPU.Build.0 = Debug|Any CPU
		{F0D774C6-630F-44C7-A9D5-7DB186ED06DD}.Release|Any CPU.ActiveCfg = Release|Any CPU
		{F0D774C6-630F-44C7-A9D5-7DB186ED06DD}.Release|Any CPU.Build.0 = Release|Any CPU
		{2D668CE3-511B-43B4-8442-4815B2BDB092}.Debug|Any CPU.ActiveCfg = Debug|Any CPU
		{2D668CE3-511B-43B4-8442-4815B2BDB092}.Debug|Any CPU.Build.0 = Debug|Any CPU
		{2D668CE3-511B-43B4-8442-4815B2BDB092}.Release|Any CPU.ActiveCfg = Release|Any CPU
		{2D668CE3-511B-43B4-8442-4815B2BDB092}.Release|Any CPU.Build.0 = Release|Any CPU
		{8494DD09-0319-4A6E-B58D-400BFF4CA2A0}.Debug|Any CPU.ActiveCfg = Debug|Any CPU
		{8494DD09-0319-4A6E-B58D-400BFF4CA2A0}.Debug|Any CPU.Build.0 = Debug|Any CPU
		{8494DD09-0319-4A6E-B58D-400BFF4CA2A0}.Release|Any CPU.ActiveCfg = Release|Any CPU
		{8494DD09-0319-4A6E-B58D-400BFF4CA2A0}.Release|Any CPU.Build.0 = Release|Any CPU
		{D86A21B3-5BC8-4635-859E-1FCBEF246D56}.Debug|Any CPU.ActiveCfg = Debug|Any CPU
		{D86A21B3-5BC8-4635-859E-1FCBEF246D56}.Debug|Any CPU.Build.0 = Debug|Any CPU
		{D86A21B3-5BC8-4635-859E-1FCBEF246D56}.Release|Any CPU.ActiveCfg = Release|Any CPU
		{D86A21B3-5BC8-4635-859E-1FCBEF246D56}.Release|Any CPU.Build.0 = Release|Any CPU
	EndGlobalSection
	GlobalSection(SolutionProperties) = preSolution
		HideSolutionNode = FALSE
	EndGlobalSection
	GlobalSection(NestedProjects) = preSolution
		{64CE975E-8644-4904-8462-A30A6B4F75D6} = {2F7B28F0-19C3-4D2E-BE64-6FF4559C6B97}
		{F0D774C6-630F-44C7-A9D5-7DB186ED06DD} = {2F7B28F0-19C3-4D2E-BE64-6FF4559C6B97}
		{2D668CE3-511B-43B4-8442-4815B2BDB092} = {2F7B28F0-19C3-4D2E-BE64-6FF4559C6B97}
		{8494DD09-0319-4A6E-B58D-400BFF4CA2A0} = {2F7B28F0-19C3-4D2E-BE64-6FF4559C6B97}
		{D86A21B3-5BC8-4635-859E-1FCBEF246D56} = {200F883F-BA45-47DF-8917-9583BD29CC7B}
	EndGlobalSection
	GlobalSection(ExtensibilityGlobals) = postSolution
		SolutionGuid = {5E5A61BE-464E-48CF-88FA-7982CFBAED9E}
	EndGlobalSection
EndGlobal
